// !$*UTF8*$!
{
	archiveVersion = 1;
	classes = {
	};
	objectVersion = 50;
	objects = {

/* Begin PBXBuildFile section */
		BB6F6E12251B8874003EB885 /* AppDelegate.swift in Sources */ = {isa = PBXBuildFile; fileRef = BB6F6E11251B8874003EB885 /* AppDelegate.swift */; };
		BB6F6E14251B8874003EB885 /* SceneDelegate.swift in Sources */ = {isa = PBXBuildFile; fileRef = BB6F6E13251B8874003EB885 /* SceneDelegate.swift */; };
		BB6F6E16251B8874003EB885 /* ViewController.swift in Sources */ = {isa = PBXBuildFile; fileRef = BB6F6E15251B8874003EB885 /* ViewController.swift */; };
		BB6F6E19251B8874003EB885 /* Main.storyboard in Resources */ = {isa = PBXBuildFile; fileRef = BB6F6E17251B8874003EB885 /* Main.storyboard */; };
		BB6F6E1B251B8877003EB885 /* Assets.xcassets in Resources */ = {isa = PBXBuildFile; fileRef = BB6F6E1A251B8877003EB885 /* Assets.xcassets */; };
		BB6F6E1E251B8877003EB885 /* LaunchScreen.storyboard in Resources */ = {isa = PBXBuildFile; fileRef = BB6F6E1C251B8877003EB885 /* LaunchScreen.storyboard */; };
		BB6F6E29251B8877003EB885 /* iOSTestTemplateTests.swift in Sources */ = {isa = PBXBuildFile; fileRef = BB6F6E28251B8877003EB885 /* iOSTestTemplateTests.swift */; };
		BB6F6E34251B8877003EB885 /* iOSTestTemplateUITests.swift in Sources */ = {isa = PBXBuildFile; fileRef = BB6F6E33251B8877003EB885 /* iOSTestTemplateUITests.swift */; };
		BB6F6E43251B88AB003EB885 /* JSONDataTaskDownloader.swift in Sources */ = {isa = PBXBuildFile; fileRef = BB6F6E42251B88AB003EB885 /* JSONDataTaskDownloader.swift */; };
		BB6F6E45251B88C9003EB885 /* NetworkClient.swift in Sources */ = {isa = PBXBuildFile; fileRef = BB6F6E44251B88C9003EB885 /* NetworkClient.swift */; };
		BB6F6E47251B88E2003EB885 /* NetworkError.swift in Sources */ = {isa = PBXBuildFile; fileRef = BB6F6E46251B88E2003EB885 /* NetworkError.swift */; };
		BB6F6E4A251B8A85003EB885 /* Protocols.swift in Sources */ = {isa = PBXBuildFile; fileRef = BB6F6E49251B8A85003EB885 /* Protocols.swift */; };
/* End PBXBuildFile section */

/* Begin PBXContainerItemProxy section */
		BB6F6E25251B8877003EB885 /* PBXContainerItemProxy */ = {
			isa = PBXContainerItemProxy;
			containerPortal = BB6F6E06251B8874003EB885 /* Project object */;
			proxyType = 1;
			remoteGlobalIDString = BB6F6E0D251B8874003EB885;
			remoteInfo = iOSTestTemplate;
		};
		BB6F6E30251B8877003EB885 /* PBXContainerItemProxy */ = {
			isa = PBXContainerItemProxy;
			containerPortal = BB6F6E06251B8874003EB885 /* Project object */;
			proxyType = 1;
			remoteGlobalIDString = BB6F6E0D251B8874003EB885;
			remoteInfo = iOSTestTemplate;
		};
/* End PBXContainerItemProxy section */

/* Begin PBXFileReference section */
		BB6F6E0E251B8874003EB885 /* iOSTestTemplate.app */ = {isa = PBXFileReference; explicitFileType = wrapper.application; includeInIndex = 0; path = iOSTestTemplate.app; sourceTree = BUILT_PRODUCTS_DIR; };
		BB6F6E11251B8874003EB885 /* AppDelegate.swift */ = {isa = PBXFileReference; lastKnownFileType = sourcecode.swift; path = AppDelegate.swift; sourceTree = "<group>"; };
		BB6F6E13251B8874003EB885 /* SceneDelegate.swift */ = {isa = PBXFileReference; lastKnownFileType = sourcecode.swift; path = SceneDelegate.swift; sourceTree = "<group>"; };
		BB6F6E15251B8874003EB885 /* ViewController.swift */ = {isa = PBXFileReference; lastKnownFileType = sourcecode.swift; path = ViewController.swift; sourceTree = "<group>"; };
		BB6F6E18251B8874003EB885 /* Base */ = {isa = PBXFileReference; lastKnownFileType = file.storyboard; name = Base; path = Base.lproj/Main.storyboard; sourceTree = "<group>"; };
		BB6F6E1A251B8877003EB885 /* Assets.xcassets */ = {isa = PBXFileReference; lastKnownFileType = folder.assetcatalog; path = Assets.xcassets; sourceTree = "<group>"; };
		BB6F6E1D251B8877003EB885 /* Base */ = {isa = PBXFileReference; lastKnownFileType = file.storyboard; name = Base; path = Base.lproj/LaunchScreen.storyboard; sourceTree = "<group>"; };
		BB6F6E1F251B8877003EB885 /* Info.plist */ = {isa = PBXFileReference; lastKnownFileType = text.plist.xml; path = Info.plist; sourceTree = "<group>"; };
		BB6F6E24251B8877003EB885 /* iOSTestTemplateTests.xctest */ = {isa = PBXFileReference; explicitFileType = wrapper.cfbundle; includeInIndex = 0; path = iOSTestTemplateTests.xctest; sourceTree = BUILT_PRODUCTS_DIR; };
		BB6F6E28251B8877003EB885 /* iOSTestTemplateTests.swift */ = {isa = PBXFileReference; lastKnownFileType = sourcecode.swift; path = iOSTestTemplateTests.swift; sourceTree = "<group>"; };
		BB6F6E2A251B8877003EB885 /* Info.plist */ = {isa = PBXFileReference; lastKnownFileType = text.plist.xml; path = Info.plist; sourceTree = "<group>"; };
		BB6F6E2F251B8877003EB885 /* iOSTestTemplateUITests.xctest */ = {isa = PBXFileReference; explicitFileType = wrapper.cfbundle; includeInIndex = 0; path = iOSTestTemplateUITests.xctest; sourceTree = BUILT_PRODUCTS_DIR; };
		BB6F6E33251B8877003EB885 /* iOSTestTemplateUITests.swift */ = {isa = PBXFileReference; lastKnownFileType = sourcecode.swift; path = iOSTestTemplateUITests.swift; sourceTree = "<group>"; };
		BB6F6E35251B8877003EB885 /* Info.plist */ = {isa = PBXFileReference; lastKnownFileType = text.plist.xml; path = Info.plist; sourceTree = "<group>"; };
		BB6F6E42251B88AB003EB885 /* JSONDataTaskDownloader.swift */ = {isa = PBXFileReference; lastKnownFileType = sourcecode.swift; path = JSONDataTaskDownloader.swift; sourceTree = "<group>"; };
		BB6F6E44251B88C9003EB885 /* NetworkClient.swift */ = {isa = PBXFileReference; lastKnownFileType = sourcecode.swift; path = NetworkClient.swift; sourceTree = "<group>"; };
		BB6F6E46251B88E2003EB885 /* NetworkError.swift */ = {isa = PBXFileReference; lastKnownFileType = sourcecode.swift; path = NetworkError.swift; sourceTree = "<group>"; };
		BB6F6E49251B8A85003EB885 /* Protocols.swift */ = {isa = PBXFileReference; lastKnownFileType = sourcecode.swift; path = Protocols.swift; sourceTree = "<group>"; };
/* End PBXFileReference section */

/* Begin PBXFrameworksBuildPhase section */
		BB6F6E0B251B8874003EB885 /* Frameworks */ = {
			isa = PBXFrameworksBuildPhase;
			buildActionMask = 2147483647;
			files = (
			);
			runOnlyForDeploymentPostprocessing = 0;
		};
		BB6F6E21251B8877003EB885 /* Frameworks */ = {
			isa = PBXFrameworksBuildPhase;
			buildActionMask = 2147483647;
			files = (
			);
			runOnlyForDeploymentPostprocessing = 0;
		};
		BB6F6E2C251B8877003EB885 /* Frameworks */ = {
			isa = PBXFrameworksBuildPhase;
			buildActionMask = 2147483647;
			files = (
			);
			runOnlyForDeploymentPostprocessing = 0;
		};
/* End PBXFrameworksBuildPhase section */

/* Begin PBXGroup section */
		BB6F6E05251B8874003EB885 = {
			isa = PBXGroup;
			children = (
				BB6F6E10251B8874003EB885 /* iOSTestTemplate */,
				BB6F6E27251B8877003EB885 /* iOSTestTemplateTests */,
				BB6F6E32251B8877003EB885 /* iOSTestTemplateUITests */,
				BB6F6E0F251B8874003EB885 /* Products */,
			);
			sourceTree = "<group>";
		};
		BB6F6E0F251B8874003EB885 /* Products */ = {
			isa = PBXGroup;
			children = (
				BB6F6E0E251B8874003EB885 /* iOSTestTemplate.app */,
				BB6F6E24251B8877003EB885 /* iOSTestTemplateTests.xctest */,
				BB6F6E2F251B8877003EB885 /* iOSTestTemplateUITests.xctest */,
			);
			name = Products;
			sourceTree = "<group>";
		};
		BB6F6E10251B8874003EB885 /* iOSTestTemplate */ = {
			isa = PBXGroup;
			children = (
				BB6F6E48251B8A70003EB885 /* Protocol */,
				BB6F6E41251B8880003EB885 /* Networking */,
				BB6F6E11251B8874003EB885 /* AppDelegate.swift */,
				BB6F6E13251B8874003EB885 /* SceneDelegate.swift */,
				BB6F6E15251B8874003EB885 /* ViewController.swift */,
				BB6F6E17251B8874003EB885 /* Main.storyboard */,
				BB6F6E1A251B8877003EB885 /* Assets.xcassets */,
				BB6F6E1C251B8877003EB885 /* LaunchScreen.storyboard */,
				BB6F6E1F251B8877003EB885 /* Info.plist */,
			);
			path = iOSTestTemplate;
			sourceTree = "<group>";
		};
		BB6F6E27251B8877003EB885 /* iOSTestTemplateTests */ = {
			isa = PBXGroup;
			children = (
				BB6F6E28251B8877003EB885 /* iOSTestTemplateTests.swift */,
				BB6F6E2A251B8877003EB885 /* Info.plist */,
			);
			path = iOSTestTemplateTests;
			sourceTree = "<group>";
		};
		BB6F6E32251B8877003EB885 /* iOSTestTemplateUITests */ = {
			isa = PBXGroup;
			children = (
				BB6F6E33251B8877003EB885 /* iOSTestTemplateUITests.swift */,
				BB6F6E35251B8877003EB885 /* Info.plist */,
			);
			path = iOSTestTemplateUITests;
			sourceTree = "<group>";
		};
		BB6F6E41251B8880003EB885 /* Networking */ = {
			isa = PBXGroup;
			children = (
				BB6F6E42251B88AB003EB885 /* JSONDataTaskDownloader.swift */,
				BB6F6E44251B88C9003EB885 /* NetworkClient.swift */,
				BB6F6E46251B88E2003EB885 /* NetworkError.swift */,
			);
			path = Networking;
			sourceTree = "<group>";
		};
		BB6F6E48251B8A70003EB885 /* Protocol */ = {
			isa = PBXGroup;
			children = (
				BB6F6E49251B8A85003EB885 /* Protocols.swift */,
			);
			path = Protocol;
			sourceTree = "<group>";
		};
/* End PBXGroup section */

/* Begin PBXNativeTarget section */
		BB6F6E0D251B8874003EB885 /* iOSTestTemplate */ = {
			isa = PBXNativeTarget;
			buildConfigurationList = BB6F6E38251B8877003EB885 /* Build configuration list for PBXNativeTarget "iOSTestTemplate" */;
			buildPhases = (
				BB6F6E0A251B8874003EB885 /* Sources */,
				BB6F6E0B251B8874003EB885 /* Frameworks */,
				BB6F6E0C251B8874003EB885 /* Resources */,
			);
			buildRules = (
			);
			dependencies = (
			);
			name = iOSTestTemplate;
			productName = iOSTestTemplate;
			productReference = BB6F6E0E251B8874003EB885 /* iOSTestTemplate.app */;
			productType = "com.apple.product-type.application";
		};
		BB6F6E23251B8877003EB885 /* iOSTestTemplateTests */ = {
			isa = PBXNativeTarget;
			buildConfigurationList = BB6F6E3B251B8877003EB885 /* Build configuration list for PBXNativeTarget "iOSTestTemplateTests" */;
			buildPhases = (
				BB6F6E20251B8877003EB885 /* Sources */,
				BB6F6E21251B8877003EB885 /* Frameworks */,
				BB6F6E22251B8877003EB885 /* Resources */,
			);
			buildRules = (
			);
			dependencies = (
				BB6F6E26251B8877003EB885 /* PBXTargetDependency */,
			);
			name = iOSTestTemplateTests;
			productName = iOSTestTemplateTests;
			productReference = BB6F6E24251B8877003EB885 /* iOSTestTemplateTests.xctest */;
			productType = "com.apple.product-type.bundle.unit-test";
		};
		BB6F6E2E251B8877003EB885 /* iOSTestTemplateUITests */ = {
			isa = PBXNativeTarget;
			buildConfigurationList = BB6F6E3E251B8877003EB885 /* Build configuration list for PBXNativeTarget "iOSTestTemplateUITests" */;
			buildPhases = (
				BB6F6E2B251B8877003EB885 /* Sources */,
				BB6F6E2C251B8877003EB885 /* Frameworks */,
				BB6F6E2D251B8877003EB885 /* Resources */,
			);
			buildRules = (
			);
			dependencies = (
				BB6F6E31251B8877003EB885 /* PBXTargetDependency */,
			);
			name = iOSTestTemplateUITests;
			productName = iOSTestTemplateUITests;
			productReference = BB6F6E2F251B8877003EB885 /* iOSTestTemplateUITests.xctest */;
			productType = "com.apple.product-type.bundle.ui-testing";
		};
/* End PBXNativeTarget section */

/* Begin PBXProject section */
		BB6F6E06251B8874003EB885 /* Project object */ = {
			isa = PBXProject;
			attributes = {
				LastSwiftUpdateCheck = 1130;
				LastUpgradeCheck = 1130;
				ORGANIZATIONNAME = "Param Veghal";
				TargetAttributes = {
					BB6F6E0D251B8874003EB885 = {
						CreatedOnToolsVersion = 11.3.1;
					};
					BB6F6E23251B8877003EB885 = {
						CreatedOnToolsVersion = 11.3.1;
						TestTargetID = BB6F6E0D251B8874003EB885;
					};
					BB6F6E2E251B8877003EB885 = {
						CreatedOnToolsVersion = 11.3.1;
						TestTargetID = BB6F6E0D251B8874003EB885;
					};
				};
			};
			buildConfigurationList = BB6F6E09251B8874003EB885 /* Build configuration list for PBXProject "iOSTestTemplate" */;
			compatibilityVersion = "Xcode 9.3";
			developmentRegion = en;
			hasScannedForEncodings = 0;
			knownRegions = (
				en,
				Base,
			);
			mainGroup = BB6F6E05251B8874003EB885;
			productRefGroup = BB6F6E0F251B8874003EB885 /* Products */;
			projectDirPath = "";
			projectRoot = "";
			targets = (
				BB6F6E0D251B8874003EB885 /* iOSTestTemplate */,
				BB6F6E23251B8877003EB885 /* iOSTestTemplateTests */,
				BB6F6E2E251B8877003EB885 /* iOSTestTemplateUITests */,
			);
		};
/* End PBXProject section */

/* Begin PBXResourcesBuildPhase section */
		BB6F6E0C251B8874003EB885 /* Resources */ = {
			isa = PBXResourcesBuildPhase;
			buildActionMask = 2147483647;
			files = (
				BB6F6E1E251B8877003EB885 /* LaunchScreen.storyboard in Resources */,
				BB6F6E1B251B8877003EB885 /* Assets.xcassets in Resources */,
				BB6F6E19251B8874003EB885 /* Main.storyboard in Resources */,
			);
			runOnlyForDeploymentPostprocessing = 0;
		};
		BB6F6E22251B8877003EB885 /* Resources */ = {
			isa = PBXResourcesBuildPhase;
			buildActionMask = 2147483647;
			files = (
			);
			runOnlyForDeploymentPostprocessing = 0;
		};
		BB6F6E2D251B8877003EB885 /* Resources */ = {
			isa = PBXResourcesBuildPhase;
			buildActionMask = 2147483647;
			files = (
			);
			runOnlyForDeploymentPostprocessing = 0;
		};
/* End PBXResourcesBuildPhase section */

/* Begin PBXSourcesBuildPhase section */
		BB6F6E0A251B8874003EB885 /* Sources */ = {
			isa = PBXSourcesBuildPhase;
			buildActionMask = 2147483647;
			files = (
				BB6F6E16251B8874003EB885 /* ViewController.swift in Sources */,
				BB6F6E4A251B8A85003EB885 /* Protocols.swift in Sources */,
				BB6F6E45251B88C9003EB885 /* NetworkClient.swift in Sources */,
				BB6F6E43251B88AB003EB885 /* JSONDataTaskDownloader.swift in Sources */,
				BB6F6E47251B88E2003EB885 /* NetworkError.swift in Sources */,
				BB6F6E12251B8874003EB885 /* AppDelegate.swift in Sources */,
				BB6F6E14251B8874003EB885 /* SceneDelegate.swift in Sources */,
			);
			runOnlyForDeploymentPostprocessing = 0;
		};
		BB6F6E20251B8877003EB885 /* Sources */ = {
			isa = PBXSourcesBuildPhase;
			buildActionMask = 2147483647;
			files = (
				BB6F6E29251B8877003EB885 /* iOSTestTemplateTests.swift in Sources */,
			);
			runOnlyForDeploymentPostprocessing = 0;
		};
		BB6F6E2B251B8877003EB885 /* Sources */ = {
			isa = PBXSourcesBuildPhase;
			buildActionMask = 2147483647;
			files = (
				BB6F6E34251B8877003EB885 /* iOSTestTemplateUITests.swift in Sources */,
			);
			runOnlyForDeploymentPostprocessing = 0;
		};
/* End PBXSourcesBuildPhase section */

/* Begin PBXTargetDependency section */
		BB6F6E26251B8877003EB885 /* PBXTargetDependency */ = {
			isa = PBXTargetDependency;
			target = BB6F6E0D251B8874003EB885 /* iOSTestTemplate */;
			targetProxy = BB6F6E25251B8877003EB885 /* PBXContainerItemProxy */;
		};
		BB6F6E31251B8877003EB885 /* PBXTargetDependency */ = {
			isa = PBXTargetDependency;
			target = BB6F6E0D251B8874003EB885 /* iOSTestTemplate */;
			targetProxy = BB6F6E30251B8877003EB885 /* PBXContainerItemProxy */;
		};
/* End PBXTargetDependency section */

/* Begin PBXVariantGroup section */
		BB6F6E17251B8874003EB885 /* Main.storyboard */ = {
			isa = PBXVariantGroup;
			children = (
				BB6F6E18251B8874003EB885 /* Base */,
			);
			name = Main.storyboard;
			sourceTree = "<group>";
		};
		BB6F6E1C251B8877003EB885 /* LaunchScreen.storyboard */ = {
			isa = PBXVariantGroup;
			children = (
				BB6F6E1D251B8877003EB885 /* Base */,
			);
			name = LaunchScreen.storyboard;
			sourceTree = "<group>";
		};
/* End PBXVariantGroup section */

/* Begin XCBuildConfiguration section */
		BB6F6E36251B8877003EB885 /* Debug */ = {
			isa = XCBuildConfiguration;
			buildSettings = {
				ALWAYS_SEARCH_USER_PATHS = NO;
				CLANG_ANALYZER_NONNULL = YES;
				CLANG_ANALYZER_NUMBER_OBJECT_CONVERSION = YES_AGGRESSIVE;
				CLANG_CXX_LANGUAGE_STANDARD = "gnu++14";
				CLANG_CXX_LIBRARY = "libc++";
				CLANG_ENABLE_MODULES = YES;
				CLANG_ENABLE_OBJC_ARC = YES;
				CLANG_ENABLE_OBJC_WEAK = YES;
				CLANG_WARN_BLOCK_CAPTURE_AUTORELEASING = YES;
				CLANG_WARN_BOOL_CONVERSION = YES;
				CLANG_WARN_COMMA = YES;
				CLANG_WARN_CONSTANT_CONVERSION = YES;
				CLANG_WARN_DEPRECATED_OBJC_IMPLEMENTATIONS = YES;
				CLANG_WARN_DIRECT_OBJC_ISA_USAGE = YES_ERROR;
				CLANG_WARN_DOCUMENTATION_COMMENTS = YES;
				CLANG_WARN_EMPTY_BODY = YES;
				CLANG_WARN_ENUM_CONVERSION = YES;
				CLANG_WARN_INFINITE_RECURSION = YES;
				CLANG_WARN_INT_CONVERSION = YES;
				CLANG_WARN_NON_LITERAL_NULL_CONVERSION = YES;
				CLANG_WARN_OBJC_IMPLICIT_RETAIN_SELF = YES;
				CLANG_WARN_OBJC_LITERAL_CONVERSION = YES;
				CLANG_WARN_OBJC_ROOT_CLASS = YES_ERROR;
				CLANG_WARN_RANGE_LOOP_ANALYSIS = YES;
				CLANG_WARN_STRICT_PROTOTYPES = YES;
				CLANG_WARN_SUSPICIOUS_MOVE = YES;
				CLANG_WARN_UNGUARDED_AVAILABILITY = YES_AGGRESSIVE;
				CLANG_WARN_UNREACHABLE_CODE = YES;
				CLANG_WARN__DUPLICATE_METHOD_MATCH = YES;
				COPY_PHASE_STRIP = NO;
				DEBUG_INFORMATION_FORMAT = dwarf;
				ENABLE_STRICT_OBJC_MSGSEND = YES;
				ENABLE_TESTABILITY = YES;
				GCC_C_LANGUAGE_STANDARD = gnu11;
				GCC_DYNAMIC_NO_PIC = NO;
				GCC_NO_COMMON_BLOCKS = YES;
				GCC_OPTIMIZATION_LEVEL = 0;
				GCC_PREPROCESSOR_DEFINITIONS = (
					"DEBUG=1",
					"$(inherited)",
				);
				GCC_WARN_64_TO_32_BIT_CONVERSION = YES;
				GCC_WARN_ABOUT_RETURN_TYPE = YES_ERROR;
				GCC_WARN_UNDECLARED_SELECTOR = YES;
				GCC_WARN_UNINITIALIZED_AUTOS = YES_AGGRESSIVE;
				GCC_WARN_UNUSED_FUNCTION = YES;
				GCC_WARN_UNUSED_VARIABLE = YES;
				IPHONEOS_DEPLOYMENT_TARGET = 13.2;
				MTL_ENABLE_DEBUG_INFO = INCLUDE_SOURCE;
				MTL_FAST_MATH = YES;
				ONLY_ACTIVE_ARCH = YES;
				SDKROOT = iphoneos;
				SWIFT_ACTIVE_COMPILATION_CONDITIONS = DEBUG;
				SWIFT_OPTIMIZATION_LEVEL = "-Onone";
			};
			name = Debug;
		};
		BB6F6E37251B8877003EB885 /* Release */ = {
			isa = XCBuildConfiguration;
			buildSettings = {
				ALWAYS_SEARCH_USER_PATHS = NO;
				CLANG_ANALYZER_NONNULL = YES;
				CLANG_ANALYZER_NUMBER_OBJECT_CONVERSION = YES_AGGRESSIVE;
				CLANG_CXX_LANGUAGE_STANDARD = "gnu++14";
				CLANG_CXX_LIBRARY = "libc++";
				CLANG_ENABLE_MODULES = YES;
				CLANG_ENABLE_OBJC_ARC = YES;
				CLANG_ENABLE_OBJC_WEAK = YES;
				CLANG_WARN_BLOCK_CAPTURE_AUTORELEASING = YES;
				CLANG_WARN_BOOL_CONVERSION = YES;
				CLANG_WARN_COMMA = YES;
				CLANG_WARN_CONSTANT_CONVERSION = YES;
				CLANG_WARN_DEPRECATED_OBJC_IMPLEMENTATIONS = YES;
				CLANG_WARN_DIRECT_OBJC_ISA_USAGE = YES_ERROR;
				CLANG_WARN_DOCUMENTATION_COMMENTS = YES;
				CLANG_WARN_EMPTY_BODY = YES;
				CLANG_WARN_ENUM_CONVERSION = YES;
				CLANG_WARN_INFINITE_RECURSION = YES;
				CLANG_WARN_INT_CONVERSION = YES;
				CLANG_WARN_NON_LITERAL_NULL_CONVERSION = YES;
				CLANG_WARN_OBJC_IMPLICIT_RETAIN_SELF = YES;
				CLANG_WARN_OBJC_LITERAL_CONVERSION = YES;
				CLANG_WARN_OBJC_ROOT_CLASS = YES_ERROR;
				CLANG_WARN_RANGE_LOOP_ANALYSIS = YES;
				CLANG_WARN_STRICT_PROTOTYPES = YES;
				CLANG_WARN_SUSPICIOUS_MOVE = YES;
				CLANG_WARN_UNGUARDED_AVAILABILITY = YES_AGGRESSIVE;
				CLANG_WARN_UNREACHABLE_CODE = YES;
				CLANG_WARN__DUPLICATE_METHOD_MATCH = YES;
				COPY_PHASE_STRIP = NO;
				DEBUG_INFORMATION_FORMAT = "dwarf-with-dsym";
				ENABLE_NS_ASSERTIONS = NO;
				ENABLE_STRICT_OBJC_MSGSEND = YES;
				GCC_C_LANGUAGE_STANDARD = gnu11;
				GCC_NO_COMMON_BLOCKS = YES;
				GCC_WARN_64_TO_32_BIT_CONVERSION = YES;
				GCC_WARN_ABOUT_RETURN_TYPE = YES_ERROR;
				GCC_WARN_UNDECLARED_SELECTOR = YES;
				GCC_WARN_UNINITIALIZED_AUTOS = YES_AGGRESSIVE;
				GCC_WARN_UNUSED_FUNCTION = YES;
				GCC_WARN_UNUSED_VARIABLE = YES;
				IPHONEOS_DEPLOYMENT_TARGET = 13.2;
				MTL_ENABLE_DEBUG_INFO = NO;
				MTL_FAST_MATH = YES;
				SDKROOT = iphoneos;
				SWIFT_COMPILATION_MODE = wholemodule;
				SWIFT_OPTIMIZATION_LEVEL = "-O";
				VALIDATE_PRODUCT = YES;
			};
			name = Release;
		};
		BB6F6E39251B8877003EB885 /* Debug */ = {
			isa = XCBuildConfiguration;
			buildSettings = {
				ASSETCATALOG_COMPILER_APPICON_NAME = AppIcon;
				CODE_SIGN_STYLE = Automatic;
				INFOPLIST_FILE = iOSTestTemplate/Info.plist;
				LD_RUNPATH_SEARCH_PATHS = (
					"$(inherited)",
					"@executable_path/Frameworks",
				);
				PRODUCT_BUNDLE_IDENTIFIER = bloomandwild.iOSTestTemplate;
				PRODUCT_NAME = "$(TARGET_NAME)";
				SWIFT_VERSION = 5.0;
				TARGETED_DEVICE_FAMILY = "1,2";
			};
			name = Debug;
		};
		BB6F6E3A251B8877003EB885 /* Release */ = {
			isa = XCBuildConfiguration;
			buildSettings = {
				ASSETCATALOG_COMPILER_APPICON_NAME = AppIcon;
				CODE_SIGN_STYLE = Automatic;
				INFOPLIST_FILE = iOSTestTemplate/Info.plist;
				LD_RUNPATH_SEARCH_PATHS = (
					"$(inherited)",
					"@executable_path/Frameworks",
				);
				PRODUCT_BUNDLE_IDENTIFIER = bloomandwild.iOSTestTemplate;
				PRODUCT_NAME = "$(TARGET_NAME)";
				SWIFT_VERSION = 5.0;
				TARGETED_DEVICE_FAMILY = "1,2";
			};
			name = Release;
		};
		BB6F6E3C251B8877003EB885 /* Debug */ = {
			isa = XCBuildConfiguration;
			buildSettings = {
				ALWAYS_EMBED_SWIFT_STANDARD_LIBRARIES = YES;
				BUNDLE_LOADER = "$(TEST_HOST)";
				CODE_SIGN_STYLE = Automatic;
				INFOPLIST_FILE = iOSTestTemplateTests/Info.plist;
				IPHONEOS_DEPLOYMENT_TARGET = 13.2;
				LD_RUNPATH_SEARCH_PATHS = (
					"$(inherited)",
					"@executable_path/Frameworks",
					"@loader_path/Frameworks",
				);
				PRODUCT_BUNDLE_IDENTIFIER = bloomandwild.iOSTestTemplateTests;
				PRODUCT_NAME = "$(TARGET_NAME)";
				SWIFT_VERSION = 5.0;
				TARGETED_DEVICE_FAMILY = "1,2";
				TEST_HOST = "$(BUILT_PRODUCTS_DIR)/iOSTestTemplate.app/iOSTestTemplate";
			};
			name = Debug;
		};
		BB6F6E3D251B8877003EB885 /* Release */ = {
			isa = XCBuildConfiguration;
			buildSettings = {
				ALWAYS_EMBED_SWIFT_STANDARD_LIBRARIES = YES;
				BUNDLE_LOADER = "$(TEST_HOST)";
				CODE_SIGN_STYLE = Automatic;
				INFOPLIST_FILE = iOSTestTemplateTests/Info.plist;
				IPHONEOS_DEPLOYMENT_TARGET = 13.2;
				LD_RUNPATH_SEARCH_PATHS = (
					"$(inherited)",
					"@executable_path/Frameworks",
					"@loader_path/Frameworks",
				);
				PRODUCT_BUNDLE_IDENTIFIER = bloomandwild.iOSTestTemplateTests;
				PRODUCT_NAME = "$(TARGET_NAME)";
				SWIFT_VERSION = 5.0;
				TARGETED_DEVICE_FAMILY = "1,2";
				TEST_HOST = "$(BUILT_PRODUCTS_DIR)/iOSTestTemplate.app/iOSTestTemplate";
			};
			name = Release;
		};
		BB6F6E3F251B8877003EB885 /* Debug */ = {
			isa = XCBuildConfiguration;
			buildSettings = {
				ALWAYS_EMBED_SWIFT_STANDARD_LIBRARIES = YES;
				CODE_SIGN_STYLE = Automatic;
				INFOPLIST_FILE = iOSTestTemplateUITests/Info.plist;
				LD_RUNPATH_SEARCH_PATHS = (
					"$(inherited)",
					"@executable_path/Frameworks",
					"@loader_path/Frameworks",
				);
				PRODUCT_BUNDLE_IDENTIFIER = bloomandwild.iOSTestTemplateUITests;
				PRODUCT_NAME = "$(TARGET_NAME)";
				SWIFT_VERSION = 5.0;
				TARGETED_DEVICE_FAMILY = "1,2";
				TEST_TARGET_NAME = iOSTestTemplate;
			};
			name = Debug;
		};
		BB6F6E40251B8877003EB885 /* Release */ = {
			isa = XCBuildConfiguration;
			buildSettings = {
				ALWAYS_EMBED_SWIFT_STANDARD_LIBRARIES = YES;
				CODE_SIGN_STYLE = Automatic;
				INFOPLIST_FILE = iOSTestTemplateUITests/Info.plist;
				LD_RUNPATH_SEARCH_PATHS = (
					"$(inherited)",
					"@executable_path/Frameworks",
					"@loader_path/Frameworks",
				);
				PRODUCT_BUNDLE_IDENTIFIER = bloomandwild.iOSTestTemplateUITests;
				PRODUCT_NAME = "$(TARGET_NAME)";
				SWIFT_VERSION = 5.0;
				TARGETED_DEVICE_FAMILY = "1,2";
				TEST_TARGET_NAME = iOSTestTemplate;
			};
			name = Release;
		};
/* End XCBuildConfiguration section */

/* Begin XCConfigurationList section */
		BB6F6E09251B8874003EB885 /* Build configuration list for PBXProject "iOSTestTemplate" */ = {
			isa = XCConfigurationList;
			buildConfigurations = (
				BB6F6E36251B8877003EB885 /* Debug */,
				BB6F6E37251B8877003EB885 /* Release */,
			);
			defaultConfigurationIsVisible = 0;
			defaultConfigurationName = Release;
		};
		BB6F6E38251B8877003EB885 /* Build configuration list for PBXNativeTarget "iOSTestTemplate" */ = {
			isa = XCConfigurationList;
			buildConfigurations = (
				BB6F6E39251B8877003EB885 /* Debug */,
				BB6F6E3A251B8877003EB885 /* Release */,
			);
			defaultConfigurationIsVisible = 0;
			defaultConfigurationName = Release;
		};
		BB6F6E3B251B8877003EB885 /* Build configuration list for PBXNativeTarget "iOSTestTemplateTests" */ = {
			isa = XCConfigurationList;
			buildConfigurations = (
				BB6F6E3C251B8877003EB885 /* Debug */,
				BB6F6E3D251B8877003EB885 /* Release */,
			);
			defaultConfigurationIsVisible = 0;
			defaultConfigurationName = Release;
		};
		BB6F6E3E251B8877003EB885 /* Build configuration list for PBXNativeTarget "iOSTestTemplateUITests" */ = {
			isa = XCConfigurationList;
			buildConfigurations = (
				BB6F6E3F251B8877003EB885 /* Debug */,
				BB6F6E40251B8877003EB885 /* Release */,
			);
			defaultConfigurationIsVisible = 0;
			defaultConfigurationName = Release;
		};
/* End XCConfigurationList section */
	};
	rootObject = BB6F6E06251B8874003EB885 /* Project object */;
}
