// !$*UTF8*$!
{
	archiveVersion = 1;
	classes = {
	};
	objectVersion = 50;
	objects = {

/* Begin PBXBuildFile section */
		956A424A257CE4BC00106A47 /* Assets.xcassets in Resources */ = {isa = PBXBuildFile; fileRef = 956A4249257CE4BC00106A47 /* Assets.xcassets */; };
		956A424D257CE4BC00106A47 /* LaunchScreen.storyboard in Resources */ = {isa = PBXBuildFile; fileRef = 956A424B257CE4BC00106A47 /* LaunchScreen.storyboard */; };
		956A4295257CE61D00106A47 /* Localizable.strings in Resources */ = {isa = PBXBuildFile; fileRef = 956A4266257CE61D00106A47 /* Localizable.strings */; };
		956A4296257CE61D00106A47 /* Localizable.swift in Sources */ = {isa = PBXBuildFile; fileRef = 956A4268257CE61D00106A47 /* Localizable.swift */; };
		956A4298257CE61D00106A47 /* Logger.swift in Sources */ = {isa = PBXBuildFile; fileRef = 956A426E257CE61D00106A47 /* Logger.swift */; };
		956A4299257CE61D00106A47 /* DependencyProvider.swift in Sources */ = {isa = PBXBuildFile; fileRef = 956A4270257CE61D00106A47 /* DependencyProvider.swift */; };
		956A429A257CE61D00106A47 /* InfoAlert.swift in Sources */ = {isa = PBXBuildFile; fileRef = 956A4272257CE61D00106A47 /* InfoAlert.swift */; };
		956A429B257CE61D00106A47 /* FlowCoordinator.swift in Sources */ = {isa = PBXBuildFile; fileRef = 956A4274257CE61D00106A47 /* FlowCoordinator.swift */; };
		956A429C257CE61D00106A47 /* FlowCoordinatorDelegate.swift in Sources */ = {isa = PBXBuildFile; fileRef = 956A4275257CE61D00106A47 /* FlowCoordinatorDelegate.swift */; };
		956A429D257CE61D00106A47 /* UINavigationBarApp.swift in Sources */ = {isa = PBXBuildFile; fileRef = 956A4277257CE61D00106A47 /* UINavigationBarApp.swift */; };
		956A429E257CE61D00106A47 /* UIColorApp.swift in Sources */ = {isa = PBXBuildFile; fileRef = 956A4278257CE61D00106A47 /* UIColorApp.swift */; };
		956A429F257CE61D00106A47 /* UIColorHex.swift in Sources */ = {isa = PBXBuildFile; fileRef = 956A4279257CE61D00106A47 /* UIColorHex.swift */; };
		956A42A1257CE61D00106A47 /* AppFlowCoordinator.swift in Sources */ = {isa = PBXBuildFile; fileRef = 956A427D257CE61D00106A47 /* AppFlowCoordinator.swift */; };
		956A42A2257CE61D00106A47 /* AppDelegate.swift in Sources */ = {isa = PBXBuildFile; fileRef = 956A427E257CE61D00106A47 /* AppDelegate.swift */; };
		956A42A3257CE61D00106A47 /* MainFlowCoordinator.swift in Sources */ = {isa = PBXBuildFile; fileRef = 956A4281257CE61D00106A47 /* MainFlowCoordinator.swift */; };
		956A42A4257CE61D00106A47 /* ProductDetailsViewModel.swift in Sources */ = {isa = PBXBuildFile; fileRef = 956A4284257CE61D00106A47 /* ProductDetailsViewModel.swift */; };
		956A42A5257CE61D00106A47 /* ProductDetailsView.swift in Sources */ = {isa = PBXBuildFile; fileRef = 956A4285257CE61D00106A47 /* ProductDetailsView.swift */; };
		956A42A6257CE61D00106A47 /* ProductDetailsViewConstants.swift in Sources */ = {isa = PBXBuildFile; fileRef = 956A4286257CE61D00106A47 /* ProductDetailsViewConstants.swift */; };
		956A42A7257CE61D00106A47 /* ImageCollectionViewCell.swift in Sources */ = {isa = PBXBuildFile; fileRef = 956A4288257CE61D00106A47 /* ImageCollectionViewCell.swift */; };
		956A42A8257CE61D00106A47 /* ProductDetailsViewController.swift in Sources */ = {isa = PBXBuildFile; fileRef = 956A4289257CE61D00106A47 /* ProductDetailsViewController.swift */; };
		956A42A9257CE61D00106A47 /* ProductListViewController.swift in Sources */ = {isa = PBXBuildFile; fileRef = 956A428B257CE61D00106A47 /* ProductListViewController.swift */; };
		956A42AA257CE61D00106A47 /* ProductTableViewCell.swift in Sources */ = {isa = PBXBuildFile; fileRef = 956A428D257CE61D00106A47 /* ProductTableViewCell.swift */; };
		956A42AB257CE61D00106A47 /* ProductListViewConstants.swift in Sources */ = {isa = PBXBuildFile; fileRef = 956A428E257CE61D00106A47 /* ProductListViewConstants.swift */; };
		956A42AC257CE61D00106A47 /* ProductsListViewModel.swift in Sources */ = {isa = PBXBuildFile; fileRef = 956A428F257CE61D00106A47 /* ProductsListViewModel.swift */; };
		956A42AD257CE61D00106A47 /* ProductsListView.swift in Sources */ = {isa = PBXBuildFile; fileRef = 956A4290257CE61D00106A47 /* ProductsListView.swift */; };
		956A42CC257CE6EB00106A47 /* DefaultRequestBuilder.swift in Sources */ = {isa = PBXBuildFile; fileRef = 956A42B1257CE6EB00106A47 /* DefaultRequestBuilder.swift */; };
		956A42CD257CE6EB00106A47 /* DefaultImageCache.swift in Sources */ = {isa = PBXBuildFile; fileRef = 956A42B2257CE6EB00106A47 /* DefaultImageCache.swift */; };
		956A42CE257CE6EB00106A47 /* DefaultImageDownloader.swift in Sources */ = {isa = PBXBuildFile; fileRef = 956A42B3257CE6EB00106A47 /* DefaultImageDownloader.swift */; };
		956A42CF257CE6EB00106A47 /* DefaultNetworkController.swift in Sources */ = {isa = PBXBuildFile; fileRef = 956A42B4257CE6EB00106A47 /* DefaultNetworkController.swift */; };
		956A42D0257CE6EB00106A47 /* ImageCache.swift in Sources */ = {isa = PBXBuildFile; fileRef = 956A42B7257CE6EB00106A47 /* ImageCache.swift */; };
		956A42D1257CE6EB00106A47 /* EmptyResponse.swift in Sources */ = {isa = PBXBuildFile; fileRef = 956A42B8257CE6EB00106A47 /* EmptyResponse.swift */; };
		956A42D2257CE6EB00106A47 /* RequestBuilder.swift in Sources */ = {isa = PBXBuildFile; fileRef = 956A42B9257CE6EB00106A47 /* RequestBuilder.swift */; };
		956A42D3257CE6EB00106A47 /* NetworkSession.swift in Sources */ = {isa = PBXBuildFile; fileRef = 956A42BA257CE6EB00106A47 /* NetworkSession.swift */; };
		956A42D4257CE6EB00106A47 /* ImageDownloader.swift in Sources */ = {isa = PBXBuildFile; fileRef = 956A42BB257CE6EB00106A47 /* ImageDownloader.swift */; };
		956A42D5257CE6EB00106A47 /* NetworkController.swift in Sources */ = {isa = PBXBuildFile; fileRef = 956A42BC257CE6EB00106A47 /* NetworkController.swift */; };
		956A42D6257CE6EB00106A47 /* NetworkTask.swift in Sources */ = {isa = PBXBuildFile; fileRef = 956A42BD257CE6EB00106A47 /* NetworkTask.swift */; };
		956A42D7257CE6EB00106A47 /* RequestMethod.swift in Sources */ = {isa = PBXBuildFile; fileRef = 956A42BE257CE6EB00106A47 /* RequestMethod.swift */; };
		956A42D8257CE6EB00106A47 /* NetworkRequest.swift in Sources */ = {isa = PBXBuildFile; fileRef = 956A42BF257CE6EB00106A47 /* NetworkRequest.swift */; };
		956A42D9257CE6EB00106A47 /* NetworkError.swift in Sources */ = {isa = PBXBuildFile; fileRef = 956A42C0257CE6EB00106A47 /* NetworkError.swift */; };
		956A42DA257CE6EB00106A47 /* ProductsNetworkController.swift in Sources */ = {isa = PBXBuildFile; fileRef = 956A42C3257CE6EB00106A47 /* ProductsNetworkController.swift */; };
		956A42DC257CE6EB00106A47 /* Product.swift in Sources */ = {isa = PBXBuildFile; fileRef = 956A42C6257CE6EB00106A47 /* Product.swift */; };
		956A42DE257CE6EB00106A47 /* ProductsResult.swift in Sources */ = {isa = PBXBuildFile; fileRef = 956A42C8257CE6EB00106A47 /* ProductsResult.swift */; };
		956A42DF257CE6EB00106A47 /* ProductsRequest.swift in Sources */ = {isa = PBXBuildFile; fileRef = 956A42CA257CE6EB00106A47 /* ProductsRequest.swift */; };
		956A42E2257CE81B00106A47 /* ProductAttributes.swift in Sources */ = {isa = PBXBuildFile; fileRef = 956A42E1257CE81B00106A47 /* ProductAttributes.swift */; };
		956A42E4257CEC0000106A47 /* ProductMedia.swift in Sources */ = {isa = PBXBuildFile; fileRef = 956A42E3257CEC0000106A47 /* ProductMedia.swift */; };
		95F9F06B257D394F00ECF9AC /* NumberFormatterExtension.swift in Sources */ = {isa = PBXBuildFile; fileRef = 95F9F06A257D394F00ECF9AC /* NumberFormatterExtension.swift */; };
		95F9F07B257D3F0400ECF9AC /* DefaultProductsListViewModelTests.swift in Sources */ = {isa = PBXBuildFile; fileRef = 95F9F073257D3F0400ECF9AC /* DefaultProductsListViewModelTests.swift */; };
		95F9F07D257D3F0400ECF9AC /* FakeInfoAlert.swift in Sources */ = {isa = PBXBuildFile; fileRef = 95F9F076257D3F0400ECF9AC /* FakeInfoAlert.swift */; };
		95F9F07E257D3F0400ECF9AC /* FakePopularProductsViewModel.swift in Sources */ = {isa = PBXBuildFile; fileRef = 95F9F077257D3F0400ECF9AC /* FakePopularProductsViewModel.swift */; };
		95F9F08F257D3F1500ECF9AC /* DefaultNetworkControllerTests.swift in Sources */ = {isa = PBXBuildFile; fileRef = 95F9F083257D3F1500ECF9AC /* DefaultNetworkControllerTests.swift */; };
		95F9F090257D3F1500ECF9AC /* DefaultRequestBuilderTests.swift in Sources */ = {isa = PBXBuildFile; fileRef = 95F9F084257D3F1500ECF9AC /* DefaultRequestBuilderTests.swift */; };
		95F9F091257D3F1500ECF9AC /* DefaultImageDownloaderTests.swift in Sources */ = {isa = PBXBuildFile; fileRef = 95F9F085257D3F1500ECF9AC /* DefaultImageDownloaderTests.swift */; };
		95F9F092257D3F1500ECF9AC /* DefaultImageCacheTests.swift in Sources */ = {isa = PBXBuildFile; fileRef = 95F9F086257D3F1500ECF9AC /* DefaultImageCacheTests.swift */; };
		95F9F093257D3F1500ECF9AC /* FakeNetworkRequest.swift in Sources */ = {isa = PBXBuildFile; fileRef = 95F9F088257D3F1500ECF9AC /* FakeNetworkRequest.swift */; };
		95F9F094257D3F1500ECF9AC /* FakeProductsNetworkController.swift in Sources */ = {isa = PBXBuildFile; fileRef = 95F9F089257D3F1500ECF9AC /* FakeProductsNetworkController.swift */; };
		95F9F095257D3F1500ECF9AC /* FakeImageCache.swift in Sources */ = {isa = PBXBuildFile; fileRef = 95F9F08A257D3F1500ECF9AC /* FakeImageCache.swift */; };
		95F9F096257D3F1500ECF9AC /* FakeRequestBuilder.swift in Sources */ = {isa = PBXBuildFile; fileRef = 95F9F08B257D3F1500ECF9AC /* FakeRequestBuilder.swift */; };
		95F9F097257D3F1500ECF9AC /* FakeNetworkSession.swift in Sources */ = {isa = PBXBuildFile; fileRef = 95F9F08C257D3F1500ECF9AC /* FakeNetworkSession.swift */; };
		95F9F098257D3F1500ECF9AC /* FakeURLSessionDataTask.swift in Sources */ = {isa = PBXBuildFile; fileRef = 95F9F08D257D3F1500ECF9AC /* FakeURLSessionDataTask.swift */; };
		95F9F09D257D402C00ECF9AC /* ProductsListViewControllerTests.swift in Sources */ = {isa = PBXBuildFile; fileRef = 95F9F09C257D402C00ECF9AC /* ProductsListViewControllerTests.swift */; };
/* End PBXBuildFile section */

/* Begin PBXContainerItemProxy section */
		956A4254257CE4BC00106A47 /* PBXContainerItemProxy */ = {
			isa = PBXContainerItemProxy;
			containerPortal = 956A4235257CE4B800106A47 /* Project object */;
			proxyType = 1;
			remoteGlobalIDString = 956A423C257CE4B800106A47;
			remoteInfo = Flowery;
		};
/* End PBXContainerItemProxy section */

/* Begin PBXFileReference section */
		956A423D257CE4B800106A47 /* Flowery.app */ = {isa = PBXFileReference; explicitFileType = wrapper.application; includeInIndex = 0; path = Flowery.app; sourceTree = BUILT_PRODUCTS_DIR; };
		956A4249257CE4BC00106A47 /* Assets.xcassets */ = {isa = PBXFileReference; lastKnownFileType = folder.assetcatalog; path = Assets.xcassets; sourceTree = "<group>"; };
		956A424C257CE4BC00106A47 /* Base */ = {isa = PBXFileReference; lastKnownFileType = file.storyboard; name = Base; path = Base.lproj/LaunchScreen.storyboard; sourceTree = "<group>"; };
		956A424E257CE4BC00106A47 /* Info.plist */ = {isa = PBXFileReference; lastKnownFileType = text.plist.xml; path = Info.plist; sourceTree = "<group>"; };
		956A4253257CE4BC00106A47 /* FloweryTests.xctest */ = {isa = PBXFileReference; explicitFileType = wrapper.cfbundle; includeInIndex = 0; path = FloweryTests.xctest; sourceTree = BUILT_PRODUCTS_DIR; };
		956A4259257CE4BC00106A47 /* Info.plist */ = {isa = PBXFileReference; lastKnownFileType = text.plist.xml; path = Info.plist; sourceTree = "<group>"; };
		956A4267257CE61D00106A47 /* en */ = {isa = PBXFileReference; lastKnownFileType = text.plist.strings; name = en; path = en.lproj/Localizable.strings; sourceTree = "<group>"; };
		956A4268257CE61D00106A47 /* Localizable.swift */ = {isa = PBXFileReference; fileEncoding = 4; lastKnownFileType = sourcecode.swift; path = Localizable.swift; sourceTree = "<group>"; };
		956A426E257CE61D00106A47 /* Logger.swift */ = {isa = PBXFileReference; fileEncoding = 4; lastKnownFileType = sourcecode.swift; path = Logger.swift; sourceTree = "<group>"; };
		956A4270257CE61D00106A47 /* DependencyProvider.swift */ = {isa = PBXFileReference; fileEncoding = 4; lastKnownFileType = sourcecode.swift; path = DependencyProvider.swift; sourceTree = "<group>"; };
		956A4272257CE61D00106A47 /* InfoAlert.swift */ = {isa = PBXFileReference; fileEncoding = 4; lastKnownFileType = sourcecode.swift; path = InfoAlert.swift; sourceTree = "<group>"; };
		956A4274257CE61D00106A47 /* FlowCoordinator.swift */ = {isa = PBXFileReference; fileEncoding = 4; lastKnownFileType = sourcecode.swift; path = FlowCoordinator.swift; sourceTree = "<group>"; };
		956A4275257CE61D00106A47 /* FlowCoordinatorDelegate.swift */ = {isa = PBXFileReference; fileEncoding = 4; lastKnownFileType = sourcecode.swift; path = FlowCoordinatorDelegate.swift; sourceTree = "<group>"; };
		956A4277257CE61D00106A47 /* UINavigationBarApp.swift */ = {isa = PBXFileReference; fileEncoding = 4; lastKnownFileType = sourcecode.swift; path = UINavigationBarApp.swift; sourceTree = "<group>"; };
		956A4278257CE61D00106A47 /* UIColorApp.swift */ = {isa = PBXFileReference; fileEncoding = 4; lastKnownFileType = sourcecode.swift; path = UIColorApp.swift; sourceTree = "<group>"; };
		956A4279257CE61D00106A47 /* UIColorHex.swift */ = {isa = PBXFileReference; fileEncoding = 4; lastKnownFileType = sourcecode.swift; path = UIColorHex.swift; sourceTree = "<group>"; };
		956A427D257CE61D00106A47 /* AppFlowCoordinator.swift */ = {isa = PBXFileReference; fileEncoding = 4; lastKnownFileType = sourcecode.swift; path = AppFlowCoordinator.swift; sourceTree = "<group>"; };
		956A427E257CE61D00106A47 /* AppDelegate.swift */ = {isa = PBXFileReference; fileEncoding = 4; lastKnownFileType = sourcecode.swift; path = AppDelegate.swift; sourceTree = "<group>"; };
		956A4281257CE61D00106A47 /* MainFlowCoordinator.swift */ = {isa = PBXFileReference; fileEncoding = 4; lastKnownFileType = sourcecode.swift; path = MainFlowCoordinator.swift; sourceTree = "<group>"; };
		956A4284257CE61D00106A47 /* ProductDetailsViewModel.swift */ = {isa = PBXFileReference; fileEncoding = 4; lastKnownFileType = sourcecode.swift; path = ProductDetailsViewModel.swift; sourceTree = "<group>"; };
		956A4285257CE61D00106A47 /* ProductDetailsView.swift */ = {isa = PBXFileReference; fileEncoding = 4; lastKnownFileType = sourcecode.swift; path = ProductDetailsView.swift; sourceTree = "<group>"; };
		956A4286257CE61D00106A47 /* ProductDetailsViewConstants.swift */ = {isa = PBXFileReference; fileEncoding = 4; lastKnownFileType = sourcecode.swift; path = ProductDetailsViewConstants.swift; sourceTree = "<group>"; };
		956A4288257CE61D00106A47 /* ImageCollectionViewCell.swift */ = {isa = PBXFileReference; fileEncoding = 4; lastKnownFileType = sourcecode.swift; path = ImageCollectionViewCell.swift; sourceTree = "<group>"; };
		956A4289257CE61D00106A47 /* ProductDetailsViewController.swift */ = {isa = PBXFileReference; fileEncoding = 4; lastKnownFileType = sourcecode.swift; path = ProductDetailsViewController.swift; sourceTree = "<group>"; };
		956A428B257CE61D00106A47 /* ProductListViewController.swift */ = {isa = PBXFileReference; fileEncoding = 4; lastKnownFileType = sourcecode.swift; path = ProductListViewController.swift; sourceTree = "<group>"; };
		956A428D257CE61D00106A47 /* ProductTableViewCell.swift */ = {isa = PBXFileReference; fileEncoding = 4; lastKnownFileType = sourcecode.swift; path = ProductTableViewCell.swift; sourceTree = "<group>"; };
		956A428E257CE61D00106A47 /* ProductListViewConstants.swift */ = {isa = PBXFileReference; fileEncoding = 4; lastKnownFileType = sourcecode.swift; path = ProductListViewConstants.swift; sourceTree = "<group>"; };
		956A428F257CE61D00106A47 /* ProductsListViewModel.swift */ = {isa = PBXFileReference; fileEncoding = 4; lastKnownFileType = sourcecode.swift; path = ProductsListViewModel.swift; sourceTree = "<group>"; };
		956A4290257CE61D00106A47 /* ProductsListView.swift */ = {isa = PBXFileReference; fileEncoding = 4; lastKnownFileType = sourcecode.swift; path = ProductsListView.swift; sourceTree = "<group>"; };
		956A42B1257CE6EB00106A47 /* DefaultRequestBuilder.swift */ = {isa = PBXFileReference; fileEncoding = 4; lastKnownFileType = sourcecode.swift; path = DefaultRequestBuilder.swift; sourceTree = "<group>"; };
		956A42B2257CE6EB00106A47 /* DefaultImageCache.swift */ = {isa = PBXFileReference; fileEncoding = 4; lastKnownFileType = sourcecode.swift; path = DefaultImageCache.swift; sourceTree = "<group>"; };
		956A42B3257CE6EB00106A47 /* DefaultImageDownloader.swift */ = {isa = PBXFileReference; fileEncoding = 4; lastKnownFileType = sourcecode.swift; path = DefaultImageDownloader.swift; sourceTree = "<group>"; };
		956A42B4257CE6EB00106A47 /* DefaultNetworkController.swift */ = {isa = PBXFileReference; fileEncoding = 4; lastKnownFileType = sourcecode.swift; path = DefaultNetworkController.swift; sourceTree = "<group>"; };
		956A42B7257CE6EB00106A47 /* ImageCache.swift */ = {isa = PBXFileReference; fileEncoding = 4; lastKnownFileType = sourcecode.swift; path = ImageCache.swift; sourceTree = "<group>"; };
		956A42B8257CE6EB00106A47 /* EmptyResponse.swift */ = {isa = PBXFileReference; fileEncoding = 4; lastKnownFileType = sourcecode.swift; path = EmptyResponse.swift; sourceTree = "<group>"; };
		956A42B9257CE6EB00106A47 /* RequestBuilder.swift */ = {isa = PBXFileReference; fileEncoding = 4; lastKnownFileType = sourcecode.swift; path = RequestBuilder.swift; sourceTree = "<group>"; };
		956A42BA257CE6EB00106A47 /* NetworkSession.swift */ = {isa = PBXFileReference; fileEncoding = 4; lastKnownFileType = sourcecode.swift; path = NetworkSession.swift; sourceTree = "<group>"; };
		956A42BB257CE6EB00106A47 /* ImageDownloader.swift */ = {isa = PBXFileReference; fileEncoding = 4; lastKnownFileType = sourcecode.swift; path = ImageDownloader.swift; sourceTree = "<group>"; };
		956A42BC257CE6EB00106A47 /* NetworkController.swift */ = {isa = PBXFileReference; fileEncoding = 4; lastKnownFileType = sourcecode.swift; path = NetworkController.swift; sourceTree = "<group>"; };
		956A42BD257CE6EB00106A47 /* NetworkTask.swift */ = {isa = PBXFileReference; fileEncoding = 4; lastKnownFileType = sourcecode.swift; path = NetworkTask.swift; sourceTree = "<group>"; };
		956A42BE257CE6EB00106A47 /* RequestMethod.swift */ = {isa = PBXFileReference; fileEncoding = 4; lastKnownFileType = sourcecode.swift; path = RequestMethod.swift; sourceTree = "<group>"; };
		956A42BF257CE6EB00106A47 /* NetworkRequest.swift */ = {isa = PBXFileReference; fileEncoding = 4; lastKnownFileType = sourcecode.swift; path = NetworkRequest.swift; sourceTree = "<group>"; };
		956A42C0257CE6EB00106A47 /* NetworkError.swift */ = {isa = PBXFileReference; fileEncoding = 4; lastKnownFileType = sourcecode.swift; path = NetworkError.swift; sourceTree = "<group>"; };
		956A42C3257CE6EB00106A47 /* ProductsNetworkController.swift */ = {isa = PBXFileReference; fileEncoding = 4; lastKnownFileType = sourcecode.swift; path = ProductsNetworkController.swift; sourceTree = "<group>"; };
		956A42C6257CE6EB00106A47 /* Product.swift */ = {isa = PBXFileReference; fileEncoding = 4; lastKnownFileType = sourcecode.swift; path = Product.swift; sourceTree = "<group>"; };
		956A42C8257CE6EB00106A47 /* ProductsResult.swift */ = {isa = PBXFileReference; fileEncoding = 4; lastKnownFileType = sourcecode.swift; path = ProductsResult.swift; sourceTree = "<group>"; };
		956A42CA257CE6EB00106A47 /* ProductsRequest.swift */ = {isa = PBXFileReference; fileEncoding = 4; lastKnownFileType = sourcecode.swift; path = ProductsRequest.swift; sourceTree = "<group>"; };
		956A42E1257CE81B00106A47 /* ProductAttributes.swift */ = {isa = PBXFileReference; lastKnownFileType = sourcecode.swift; path = ProductAttributes.swift; sourceTree = "<group>"; };
		956A42E3257CEC0000106A47 /* ProductMedia.swift */ = {isa = PBXFileReference; lastKnownFileType = sourcecode.swift; path = ProductMedia.swift; sourceTree = "<group>"; };
		95F9F06A257D394F00ECF9AC /* NumberFormatterExtension.swift */ = {isa = PBXFileReference; lastKnownFileType = sourcecode.swift; path = NumberFormatterExtension.swift; sourceTree = "<group>"; };
		95F9F073257D3F0400ECF9AC /* DefaultProductsListViewModelTests.swift */ = {isa = PBXFileReference; fileEncoding = 4; lastKnownFileType = sourcecode.swift; path = DefaultProductsListViewModelTests.swift; sourceTree = "<group>"; };
		95F9F076257D3F0400ECF9AC /* FakeInfoAlert.swift */ = {isa = PBXFileReference; fileEncoding = 4; lastKnownFileType = sourcecode.swift; path = FakeInfoAlert.swift; sourceTree = "<group>"; };
		95F9F077257D3F0400ECF9AC /* FakePopularProductsViewModel.swift */ = {isa = PBXFileReference; fileEncoding = 4; lastKnownFileType = sourcecode.swift; path = FakePopularProductsViewModel.swift; sourceTree = "<group>"; };
		95F9F083257D3F1500ECF9AC /* DefaultNetworkControllerTests.swift */ = {isa = PBXFileReference; fileEncoding = 4; lastKnownFileType = sourcecode.swift; path = DefaultNetworkControllerTests.swift; sourceTree = "<group>"; };
		95F9F084257D3F1500ECF9AC /* DefaultRequestBuilderTests.swift */ = {isa = PBXFileReference; fileEncoding = 4; lastKnownFileType = sourcecode.swift; path = DefaultRequestBuilderTests.swift; sourceTree = "<group>"; };
		95F9F085257D3F1500ECF9AC /* DefaultImageDownloaderTests.swift */ = {isa = PBXFileReference; fileEncoding = 4; lastKnownFileType = sourcecode.swift; path = DefaultImageDownloaderTests.swift; sourceTree = "<group>"; };
		95F9F086257D3F1500ECF9AC /* DefaultImageCacheTests.swift */ = {isa = PBXFileReference; fileEncoding = 4; lastKnownFileType = sourcecode.swift; path = DefaultImageCacheTests.swift; sourceTree = "<group>"; };
		95F9F088257D3F1500ECF9AC /* FakeNetworkRequest.swift */ = {isa = PBXFileReference; fileEncoding = 4; lastKnownFileType = sourcecode.swift; path = FakeNetworkRequest.swift; sourceTree = "<group>"; };
		95F9F089257D3F1500ECF9AC /* FakeProductsNetworkController.swift */ = {isa = PBXFileReference; fileEncoding = 4; lastKnownFileType = sourcecode.swift; path = FakeProductsNetworkController.swift; sourceTree = "<group>"; };
		95F9F08A257D3F1500ECF9AC /* FakeImageCache.swift */ = {isa = PBXFileReference; fileEncoding = 4; lastKnownFileType = sourcecode.swift; path = FakeImageCache.swift; sourceTree = "<group>"; };
		95F9F08B257D3F1500ECF9AC /* FakeRequestBuilder.swift */ = {isa = PBXFileReference; fileEncoding = 4; lastKnownFileType = sourcecode.swift; path = FakeRequestBuilder.swift; sourceTree = "<group>"; };
		95F9F08C257D3F1500ECF9AC /* FakeNetworkSession.swift */ = {isa = PBXFileReference; fileEncoding = 4; lastKnownFileType = sourcecode.swift; path = FakeNetworkSession.swift; sourceTree = "<group>"; };
		95F9F08D257D3F1500ECF9AC /* FakeURLSessionDataTask.swift */ = {isa = PBXFileReference; fileEncoding = 4; lastKnownFileType = sourcecode.swift; path = FakeURLSessionDataTask.swift; sourceTree = "<group>"; };
		95F9F09C257D402C00ECF9AC /* ProductsListViewControllerTests.swift */ = {isa = PBXFileReference; fileEncoding = 4; lastKnownFileType = sourcecode.swift; path = ProductsListViewControllerTests.swift; sourceTree = "<group>"; };
/* End PBXFileReference section */

/* Begin PBXFrameworksBuildPhase section */
		956A423A257CE4B800106A47 /* Frameworks */ = {
			isa = PBXFrameworksBuildPhase;
			buildActionMask = 2147483647;
			files = (
			);
			runOnlyForDeploymentPostprocessing = 0;
		};
		956A4250257CE4BC00106A47 /* Frameworks */ = {
			isa = PBXFrameworksBuildPhase;
			buildActionMask = 2147483647;
			files = (
			);
			runOnlyForDeploymentPostprocessing = 0;
		};
/* End PBXFrameworksBuildPhase section */

/* Begin PBXGroup section */
		956A4234257CE4B800106A47 = {
			isa = PBXGroup;
			children = (
				956A423F257CE4B800106A47 /* Flowery */,
				956A4256257CE4BC00106A47 /* FloweryTests */,
				956A423E257CE4B800106A47 /* Products */,
			);
			sourceTree = "<group>";
		};
		956A423E257CE4B800106A47 /* Products */ = {
			isa = PBXGroup;
			children = (
				956A423D257CE4B800106A47 /* Flowery.app */,
				956A4253257CE4BC00106A47 /* FloweryTests.xctest */,
			);
			name = Products;
			sourceTree = "<group>";
		};
		956A423F257CE4B800106A47 /* Flowery */ = {
			isa = PBXGroup;
			children = (
				956A426B257CE61D00106A47 /* Source Files */,
				956A4263257CE61D00106A47 /* Resources */,
				956A4269257CE61D00106A47 /* Supporting Files */,
				956A4291257CE61D00106A47 /* Interfaces */,
			);
			path = Flowery;
			sourceTree = "<group>";
		};
		956A4256257CE4BC00106A47 /* FloweryTests */ = {
			isa = PBXGroup;
			children = (
				95F9F06D257D3F0400ECF9AC /* Tests */,
				95F9F074257D3F0400ECF9AC /* Fakes */,
				956A4259257CE4BC00106A47 /* Info.plist */,
			);
			path = FloweryTests;
			sourceTree = "<group>";
		};
		956A4263257CE61D00106A47 /* Resources */ = {
			isa = PBXGroup;
			children = (
				956A4249257CE4BC00106A47 /* Assets.xcassets */,
				956A4265257CE61D00106A47 /* Localization */,
			);
			path = Resources;
			sourceTree = "<group>";
		};
		956A4265257CE61D00106A47 /* Localization */ = {
			isa = PBXGroup;
			children = (
				956A4266257CE61D00106A47 /* Localizable.strings */,
				956A4268257CE61D00106A47 /* Localizable.swift */,
			);
			path = Localization;
			sourceTree = "<group>";
		};
		956A4269257CE61D00106A47 /* Supporting Files */ = {
			isa = PBXGroup;
			children = (
				956A424E257CE4BC00106A47 /* Info.plist */,
			);
			path = "Supporting Files";
			sourceTree = "<group>";
		};
		956A426B257CE61D00106A47 /* Source Files */ = {
			isa = PBXGroup;
			children = (
				956A42AF257CE6EB00106A47 /* Networking */,
				956A426C257CE61D00106A47 /* Common */,
				956A427C257CE61D00106A47 /* Application */,
				956A427F257CE61D00106A47 /* Flows */,
			);
			path = "Source Files";
			sourceTree = "<group>";
		};
		956A426C257CE61D00106A47 /* Common */ = {
			isa = PBXGroup;
			children = (
				956A426D257CE61D00106A47 /* Logger */,
				956A426F257CE61D00106A47 /* Dependency Provider */,
				956A4271257CE61D00106A47 /* Alert */,
				956A4273257CE61D00106A47 /* Navigation */,
				956A4276257CE61D00106A47 /* Extensions */,
			);
			path = Common;
			sourceTree = "<group>";
		};
		956A426D257CE61D00106A47 /* Logger */ = {
			isa = PBXGroup;
			children = (
				956A426E257CE61D00106A47 /* Logger.swift */,
			);
			path = Logger;
			sourceTree = "<group>";
		};
		956A426F257CE61D00106A47 /* Dependency Provider */ = {
			isa = PBXGroup;
			children = (
				956A4270257CE61D00106A47 /* DependencyProvider.swift */,
			);
			path = "Dependency Provider";
			sourceTree = "<group>";
		};
		956A4271257CE61D00106A47 /* Alert */ = {
			isa = PBXGroup;
			children = (
				956A4272257CE61D00106A47 /* InfoAlert.swift */,
			);
			path = Alert;
			sourceTree = "<group>";
		};
		956A4273257CE61D00106A47 /* Navigation */ = {
			isa = PBXGroup;
			children = (
				956A4274257CE61D00106A47 /* FlowCoordinator.swift */,
				956A4275257CE61D00106A47 /* FlowCoordinatorDelegate.swift */,
			);
			path = Navigation;
			sourceTree = "<group>";
		};
		956A4276257CE61D00106A47 /* Extensions */ = {
			isa = PBXGroup;
			children = (
				956A4277257CE61D00106A47 /* UINavigationBarApp.swift */,
				956A4278257CE61D00106A47 /* UIColorApp.swift */,
				956A4279257CE61D00106A47 /* UIColorHex.swift */,
				95F9F06A257D394F00ECF9AC /* NumberFormatterExtension.swift */,
			);
			path = Extensions;
			sourceTree = "<group>";
		};
		956A427C257CE61D00106A47 /* Application */ = {
			isa = PBXGroup;
			children = (
				956A427D257CE61D00106A47 /* AppFlowCoordinator.swift */,
				956A427E257CE61D00106A47 /* AppDelegate.swift */,
			);
			path = Application;
			sourceTree = "<group>";
		};
		956A427F257CE61D00106A47 /* Flows */ = {
			isa = PBXGroup;
			children = (
				956A4280257CE61D00106A47 /* Main */,
			);
			path = Flows;
			sourceTree = "<group>";
		};
		956A4280257CE61D00106A47 /* Main */ = {
			isa = PBXGroup;
			children = (
				956A4281257CE61D00106A47 /* MainFlowCoordinator.swift */,
				956A4282257CE61D00106A47 /* Products */,
			);
			path = Main;
			sourceTree = "<group>";
		};
		956A4282257CE61D00106A47 /* Products */ = {
			isa = PBXGroup;
			children = (
				956A4283257CE61D00106A47 /* Details */,
				956A428A257CE61D00106A47 /* List */,
			);
			path = Products;
			sourceTree = "<group>";
		};
		956A4283257CE61D00106A47 /* Details */ = {
			isa = PBXGroup;
			children = (
				956A4284257CE61D00106A47 /* ProductDetailsViewModel.swift */,
				956A4285257CE61D00106A47 /* ProductDetailsView.swift */,
				956A4286257CE61D00106A47 /* ProductDetailsViewConstants.swift */,
				956A4287257CE61D00106A47 /* Cell */,
				956A4289257CE61D00106A47 /* ProductDetailsViewController.swift */,
			);
			path = Details;
			sourceTree = "<group>";
		};
		956A4287257CE61D00106A47 /* Cell */ = {
			isa = PBXGroup;
			children = (
				956A4288257CE61D00106A47 /* ImageCollectionViewCell.swift */,
			);
			path = Cell;
			sourceTree = "<group>";
		};
		956A428A257CE61D00106A47 /* List */ = {
			isa = PBXGroup;
			children = (
				956A428B257CE61D00106A47 /* ProductListViewController.swift */,
				956A428C257CE61D00106A47 /* Cell */,
				956A428E257CE61D00106A47 /* ProductListViewConstants.swift */,
				956A428F257CE61D00106A47 /* ProductsListViewModel.swift */,
				956A4290257CE61D00106A47 /* ProductsListView.swift */,
			);
			path = List;
			sourceTree = "<group>";
		};
		956A428C257CE61D00106A47 /* Cell */ = {
			isa = PBXGroup;
			children = (
				956A428D257CE61D00106A47 /* ProductTableViewCell.swift */,
			);
			path = Cell;
			sourceTree = "<group>";
		};
		956A4291257CE61D00106A47 /* Interfaces */ = {
			isa = PBXGroup;
			children = (
				956A424B257CE4BC00106A47 /* LaunchScreen.storyboard */,
			);
			path = Interfaces;
			sourceTree = "<group>";
		};
		956A42AF257CE6EB00106A47 /* Networking */ = {
			isa = PBXGroup;
			children = (
				956A42B6257CE6EB00106A47 /* Abstractions */,
				956A42B0257CE6EB00106A47 /* Default Implementations */,
				956A42C1257CE6EB00106A47 /* Domain */,
			);
			path = Networking;
			sourceTree = "<group>";
		};
		956A42B0257CE6EB00106A47 /* Default Implementations */ = {
			isa = PBXGroup;
			children = (
				956A42B1257CE6EB00106A47 /* DefaultRequestBuilder.swift */,
				956A42B2257CE6EB00106A47 /* DefaultImageCache.swift */,
				956A42B3257CE6EB00106A47 /* DefaultImageDownloader.swift */,
				956A42B4257CE6EB00106A47 /* DefaultNetworkController.swift */,
			);
			path = "Default Implementations";
			sourceTree = "<group>";
		};
		956A42B6257CE6EB00106A47 /* Abstractions */ = {
			isa = PBXGroup;
			children = (
				956A42B7257CE6EB00106A47 /* ImageCache.swift */,
				956A42B8257CE6EB00106A47 /* EmptyResponse.swift */,
				956A42B9257CE6EB00106A47 /* RequestBuilder.swift */,
				956A42BA257CE6EB00106A47 /* NetworkSession.swift */,
				956A42BB257CE6EB00106A47 /* ImageDownloader.swift */,
				956A42BC257CE6EB00106A47 /* NetworkController.swift */,
				956A42BD257CE6EB00106A47 /* NetworkTask.swift */,
				956A42BE257CE6EB00106A47 /* RequestMethod.swift */,
				956A42BF257CE6EB00106A47 /* NetworkRequest.swift */,
				956A42C0257CE6EB00106A47 /* NetworkError.swift */,
			);
			path = Abstractions;
			sourceTree = "<group>";
		};
		956A42C1257CE6EB00106A47 /* Domain */ = {
			isa = PBXGroup;
			children = (
				956A42C2257CE6EB00106A47 /* Products */,
			);
			path = Domain;
			sourceTree = "<group>";
		};
		956A42C2257CE6EB00106A47 /* Products */ = {
			isa = PBXGroup;
			children = (
				956A42C3257CE6EB00106A47 /* ProductsNetworkController.swift */,
				956A42C4257CE6EB00106A47 /* Models */,
				956A42C9257CE6EB00106A47 /* Requests */,
			);
			path = Products;
			sourceTree = "<group>";
		};
		956A42C4257CE6EB00106A47 /* Models */ = {
			isa = PBXGroup;
			children = (
				956A42C6257CE6EB00106A47 /* Product.swift */,
				956A42C8257CE6EB00106A47 /* ProductsResult.swift */,
				956A42E1257CE81B00106A47 /* ProductAttributes.swift */,
				956A42E3257CEC0000106A47 /* ProductMedia.swift */,
			);
			path = Models;
			sourceTree = "<group>";
		};
		956A42C9257CE6EB00106A47 /* Requests */ = {
			isa = PBXGroup;
			children = (
				956A42CA257CE6EB00106A47 /* ProductsRequest.swift */,
			);
			path = Requests;
			sourceTree = "<group>";
		};
		95F9F06D257D3F0400ECF9AC /* Tests */ = {
			isa = PBXGroup;
			children = (
				95F9F09A257D3F2300ECF9AC /* Networking */,
				95F9F070257D3F0400ECF9AC /* Flows */,
			);
			path = Tests;
			sourceTree = "<group>";
		};
		95F9F070257D3F0400ECF9AC /* Flows */ = {
			isa = PBXGroup;
			children = (
				95F9F071257D3F0400ECF9AC /* Main */,
			);
			path = Flows;
			sourceTree = "<group>";
		};
		95F9F071257D3F0400ECF9AC /* Main */ = {
			isa = PBXGroup;
			children = (
				95F9F09C257D402C00ECF9AC /* ProductsListViewControllerTests.swift */,
				95F9F073257D3F0400ECF9AC /* DefaultProductsListViewModelTests.swift */,
			);
			path = Main;
			sourceTree = "<group>";
		};
		95F9F074257D3F0400ECF9AC /* Fakes */ = {
			isa = PBXGroup;
			children = (
				95F9F09B257D3F3400ECF9AC /* Networking */,
				95F9F076257D3F0400ECF9AC /* FakeInfoAlert.swift */,
				95F9F077257D3F0400ECF9AC /* FakePopularProductsViewModel.swift */,
			);
			path = Fakes;
			sourceTree = "<group>";
		};
		95F9F09A257D3F2300ECF9AC /* Networking */ = {
			isa = PBXGroup;
			children = (
				95F9F083257D3F1500ECF9AC /* DefaultNetworkControllerTests.swift */,
				95F9F084257D3F1500ECF9AC /* DefaultRequestBuilderTests.swift */,
				95F9F085257D3F1500ECF9AC /* DefaultImageDownloaderTests.swift */,
				95F9F086257D3F1500ECF9AC /* DefaultImageCacheTests.swift */,
			);
			path = Networking;
			sourceTree = "<group>";
		};
		95F9F09B257D3F3400ECF9AC /* Networking */ = {
			isa = PBXGroup;
			children = (
				95F9F088257D3F1500ECF9AC /* FakeNetworkRequest.swift */,
				95F9F089257D3F1500ECF9AC /* FakeProductsNetworkController.swift */,
				95F9F08A257D3F1500ECF9AC /* FakeImageCache.swift */,
				95F9F08B257D3F1500ECF9AC /* FakeRequestBuilder.swift */,
				95F9F08C257D3F1500ECF9AC /* FakeNetworkSession.swift */,
				95F9F08D257D3F1500ECF9AC /* FakeURLSessionDataTask.swift */,
			);
			path = Networking;
			sourceTree = "<group>";
		};
/* End PBXGroup section */

/* Begin PBXNativeTarget section */
		956A423C257CE4B800106A47 /* Flowery */ = {
			isa = PBXNativeTarget;
			buildConfigurationList = 956A425C257CE4BC00106A47 /* Build configuration list for PBXNativeTarget "Flowery" */;
			buildPhases = (
				956A4239257CE4B800106A47 /* Sources */,
				956A423A257CE4B800106A47 /* Frameworks */,
				956A423B257CE4B800106A47 /* Resources */,
			);
			buildRules = (
			);
			dependencies = (
			);
			name = Flowery;
			productName = Flowery;
			productReference = 956A423D257CE4B800106A47 /* Flowery.app */;
			productType = "com.apple.product-type.application";
		};
		956A4252257CE4BC00106A47 /* FloweryTests */ = {
			isa = PBXNativeTarget;
			buildConfigurationList = 956A425F257CE4BC00106A47 /* Build configuration list for PBXNativeTarget "FloweryTests" */;
			buildPhases = (
				956A424F257CE4BC00106A47 /* Sources */,
				956A4250257CE4BC00106A47 /* Frameworks */,
				956A4251257CE4BC00106A47 /* Resources */,
			);
			buildRules = (
			);
			dependencies = (
				956A4255257CE4BC00106A47 /* PBXTargetDependency */,
			);
			name = FloweryTests;
			productName = FloweryTests;
			productReference = 956A4253257CE4BC00106A47 /* FloweryTests.xctest */;
			productType = "com.apple.product-type.bundle.unit-test";
		};
/* End PBXNativeTarget section */

/* Begin PBXProject section */
		956A4235257CE4B800106A47 /* Project object */ = {
			isa = PBXProject;
			attributes = {
				LastSwiftUpdateCheck = 1150;
				LastUpgradeCheck = 1150;
				ORGANIZATIONNAME = "Anna-Mariia Shkarlinska";
				TargetAttributes = {
					956A423C257CE4B800106A47 = {
						CreatedOnToolsVersion = 11.5;
					};
					956A4252257CE4BC00106A47 = {
						CreatedOnToolsVersion = 11.5;
						TestTargetID = 956A423C257CE4B800106A47;
					};
				};
			};
			buildConfigurationList = 956A4238257CE4B800106A47 /* Build configuration list for PBXProject "Flowery" */;
			compatibilityVersion = "Xcode 9.3";
			developmentRegion = en;
			hasScannedForEncodings = 0;
			knownRegions = (
				en,
				Base,
			);
			mainGroup = 956A4234257CE4B800106A47;
			productRefGroup = 956A423E257CE4B800106A47 /* Products */;
			projectDirPath = "";
			projectRoot = "";
			targets = (
				956A423C257CE4B800106A47 /* Flowery */,
				956A4252257CE4BC00106A47 /* FloweryTests */,
			);
		};
/* End PBXProject section */

/* Begin PBXResourcesBuildPhase section */
		956A423B257CE4B800106A47 /* Resources */ = {
			isa = PBXResourcesBuildPhase;
			buildActionMask = 2147483647;
			files = (
				956A4295257CE61D00106A47 /* Localizable.strings in Resources */,
				956A424D257CE4BC00106A47 /* LaunchScreen.storyboard in Resources */,
				956A424A257CE4BC00106A47 /* Assets.xcassets in Resources */,
			);
			runOnlyForDeploymentPostprocessing = 0;
		};
		956A4251257CE4BC00106A47 /* Resources */ = {
			isa = PBXResourcesBuildPhase;
			buildActionMask = 2147483647;
			files = (
			);
			runOnlyForDeploymentPostprocessing = 0;
		};
/* End PBXResourcesBuildPhase section */

/* Begin PBXSourcesBuildPhase section */
		956A4239257CE4B800106A47 /* Sources */ = {
			isa = PBXSourcesBuildPhase;
			buildActionMask = 2147483647;
			files = (
				956A42A8257CE61D00106A47 /* ProductDetailsViewController.swift in Sources */,
				956A4298257CE61D00106A47 /* Logger.swift in Sources */,
				956A42AB257CE61D00106A47 /* ProductListViewConstants.swift in Sources */,
				956A42A2257CE61D00106A47 /* AppDelegate.swift in Sources */,
				956A42CC257CE6EB00106A47 /* DefaultRequestBuilder.swift in Sources */,
				956A429E257CE61D00106A47 /* UIColorApp.swift in Sources */,
				956A42A3257CE61D00106A47 /* MainFlowCoordinator.swift in Sources */,
				956A42AD257CE61D00106A47 /* ProductsListView.swift in Sources */,
				956A42A7257CE61D00106A47 /* ImageCollectionViewCell.swift in Sources */,
				956A42A6257CE61D00106A47 /* ProductDetailsViewConstants.swift in Sources */,
				956A42AA257CE61D00106A47 /* ProductTableViewCell.swift in Sources */,
				956A42A4257CE61D00106A47 /* ProductDetailsViewModel.swift in Sources */,
				956A42DA257CE6EB00106A47 /* ProductsNetworkController.swift in Sources */,
				956A42A9257CE61D00106A47 /* ProductListViewController.swift in Sources */,
				956A42DF257CE6EB00106A47 /* ProductsRequest.swift in Sources */,
				956A42CD257CE6EB00106A47 /* DefaultImageCache.swift in Sources */,
				956A4299257CE61D00106A47 /* DependencyProvider.swift in Sources */,
				95F9F06B257D394F00ECF9AC /* NumberFormatterExtension.swift in Sources */,
				956A42E2257CE81B00106A47 /* ProductAttributes.swift in Sources */,
				956A42D7257CE6EB00106A47 /* RequestMethod.swift in Sources */,
				956A42D6257CE6EB00106A47 /* NetworkTask.swift in Sources */,
				956A42E4257CEC0000106A47 /* ProductMedia.swift in Sources */,
				956A42CF257CE6EB00106A47 /* DefaultNetworkController.swift in Sources */,
				956A42DC257CE6EB00106A47 /* Product.swift in Sources */,
				956A429B257CE61D00106A47 /* FlowCoordinator.swift in Sources */,
				956A42D1257CE6EB00106A47 /* EmptyResponse.swift in Sources */,
				956A42AC257CE61D00106A47 /* ProductsListViewModel.swift in Sources */,
				956A42D5257CE6EB00106A47 /* NetworkController.swift in Sources */,
				956A4296257CE61D00106A47 /* Localizable.swift in Sources */,
				956A429C257CE61D00106A47 /* FlowCoordinatorDelegate.swift in Sources */,
				956A42CE257CE6EB00106A47 /* DefaultImageDownloader.swift in Sources */,
				956A42D8257CE6EB00106A47 /* NetworkRequest.swift in Sources */,
				956A429D257CE61D00106A47 /* UINavigationBarApp.swift in Sources */,
				956A42A1257CE61D00106A47 /* AppFlowCoordinator.swift in Sources */,
				956A429F257CE61D00106A47 /* UIColorHex.swift in Sources */,
				956A42D2257CE6EB00106A47 /* RequestBuilder.swift in Sources */,
				956A42D4257CE6EB00106A47 /* ImageDownloader.swift in Sources */,
				956A429A257CE61D00106A47 /* InfoAlert.swift in Sources */,
				956A42D3257CE6EB00106A47 /* NetworkSession.swift in Sources */,
				956A42A5257CE61D00106A47 /* ProductDetailsView.swift in Sources */,
				956A42D0257CE6EB00106A47 /* ImageCache.swift in Sources */,
				956A42D9257CE6EB00106A47 /* NetworkError.swift in Sources */,
				956A42DE257CE6EB00106A47 /* ProductsResult.swift in Sources */,
			);
			runOnlyForDeploymentPostprocessing = 0;
		};
		956A424F257CE4BC00106A47 /* Sources */ = {
			isa = PBXSourcesBuildPhase;
			buildActionMask = 2147483647;
			files = (
				95F9F092257D3F1500ECF9AC /* DefaultImageCacheTests.swift in Sources */,
				95F9F07E257D3F0400ECF9AC /* FakePopularProductsViewModel.swift in Sources */,
				95F9F07B257D3F0400ECF9AC /* DefaultProductsListViewModelTests.swift in Sources */,
				95F9F07D257D3F0400ECF9AC /* FakeInfoAlert.swift in Sources */,
				95F9F094257D3F1500ECF9AC /* FakeProductsNetworkController.swift in Sources */,
				95F9F093257D3F1500ECF9AC /* FakeNetworkRequest.swift in Sources */,
				95F9F091257D3F1500ECF9AC /* DefaultImageDownloaderTests.swift in Sources */,
				95F9F098257D3F1500ECF9AC /* FakeURLSessionDataTask.swift in Sources */,
				95F9F097257D3F1500ECF9AC /* FakeNetworkSession.swift in Sources */,
				95F9F090257D3F1500ECF9AC /* DefaultRequestBuilderTests.swift in Sources */,
				95F9F096257D3F1500ECF9AC /* FakeRequestBuilder.swift in Sources */,
				95F9F08F257D3F1500ECF9AC /* DefaultNetworkControllerTests.swift in Sources */,
				95F9F09D257D402C00ECF9AC /* ProductsListViewControllerTests.swift in Sources */,
				95F9F095257D3F1500ECF9AC /* FakeImageCache.swift in Sources */,
			);
			runOnlyForDeploymentPostprocessing = 0;
		};
/* End PBXSourcesBuildPhase section */

/* Begin PBXTargetDependency section */
		956A4255257CE4BC00106A47 /* PBXTargetDependency */ = {
			isa = PBXTargetDependency;
			target = 956A423C257CE4B800106A47 /* Flowery */;
			targetProxy = 956A4254257CE4BC00106A47 /* PBXContainerItemProxy */;
		};
/* End PBXTargetDependency section */

/* Begin PBXVariantGroup section */
		956A424B257CE4BC00106A47 /* LaunchScreen.storyboard */ = {
			isa = PBXVariantGroup;
			children = (
				956A424C257CE4BC00106A47 /* Base */,
			);
			name = LaunchScreen.storyboard;
			sourceTree = "<group>";
		};
		956A4266257CE61D00106A47 /* Localizable.strings */ = {
			isa = PBXVariantGroup;
			children = (
				956A4267257CE61D00106A47 /* en */,
			);
			name = Localizable.strings;
			sourceTree = "<group>";
		};
/* End PBXVariantGroup section */

/* Begin XCBuildConfiguration section */
		956A425A257CE4BC00106A47 /* Debug */ = {
			isa = XCBuildConfiguration;
			buildSettings = {
				ALWAYS_SEARCH_USER_PATHS = NO;
				CLANG_ANALYZER_NONNULL = YES;
				CLANG_ANALYZER_NUMBER_OBJECT_CONVERSION = YES_AGGRESSIVE;
				CLANG_CXX_LANGUAGE_STANDARD = "gnu++14";
				CLANG_CXX_LIBRARY = "libc++";
				CLANG_ENABLE_MODULES = YES;
				CLANG_ENABLE_OBJC_ARC = YES;
				CLANG_ENABLE_OBJC_WEAK = YES;
				CLANG_WARN_BLOCK_CAPTURE_AUTORELEASING = YES;
				CLANG_WARN_BOOL_CONVERSION = YES;
				CLANG_WARN_COMMA = YES;
				CLANG_WARN_CONSTANT_CONVERSION = YES;
				CLANG_WARN_DEPRECATED_OBJC_IMPLEMENTATIONS = YES;
				CLANG_WARN_DIRECT_OBJC_ISA_USAGE = YES_ERROR;
				CLANG_WARN_DOCUMENTATION_COMMENTS = YES;
				CLANG_WARN_EMPTY_BODY = YES;
				CLANG_WARN_ENUM_CONVERSION = YES;
				CLANG_WARN_INFINITE_RECURSION = YES;
				CLANG_WARN_INT_CONVERSION = YES;
				CLANG_WARN_NON_LITERAL_NULL_CONVERSION = YES;
				CLANG_WARN_OBJC_IMPLICIT_RETAIN_SELF = YES;
				CLANG_WARN_OBJC_LITERAL_CONVERSION = YES;
				CLANG_WARN_OBJC_ROOT_CLASS = YES_ERROR;
				CLANG_WARN_RANGE_LOOP_ANALYSIS = YES;
				CLANG_WARN_STRICT_PROTOTYPES = YES;
				CLANG_WARN_SUSPICIOUS_MOVE = YES;
				CLANG_WARN_UNGUARDED_AVAILABILITY = YES_AGGRESSIVE;
				CLANG_WARN_UNREACHABLE_CODE = YES;
				CLANG_WARN__DUPLICATE_METHOD_MATCH = YES;
				COPY_PHASE_STRIP = NO;
				DEBUG_INFORMATION_FORMAT = dwarf;
				ENABLE_STRICT_OBJC_MSGSEND = YES;
				ENABLE_TESTABILITY = YES;
				GCC_C_LANGUAGE_STANDARD = gnu11;
				GCC_DYNAMIC_NO_PIC = NO;
				GCC_NO_COMMON_BLOCKS = YES;
				GCC_OPTIMIZATION_LEVEL = 0;
				GCC_PREPROCESSOR_DEFINITIONS = (
					"DEBUG=1",
					"$(inherited)",
				);
				GCC_WARN_64_TO_32_BIT_CONVERSION = YES;
				GCC_WARN_ABOUT_RETURN_TYPE = YES_ERROR;
				GCC_WARN_UNDECLARED_SELECTOR = YES;
				GCC_WARN_UNINITIALIZED_AUTOS = YES_AGGRESSIVE;
				GCC_WARN_UNUSED_FUNCTION = YES;
				GCC_WARN_UNUSED_VARIABLE = YES;
				IPHONEOS_DEPLOYMENT_TARGET = 12.0;
				MTL_ENABLE_DEBUG_INFO = INCLUDE_SOURCE;
				MTL_FAST_MATH = YES;
				ONLY_ACTIVE_ARCH = YES;
				SDKROOT = iphoneos;
				SWIFT_ACTIVE_COMPILATION_CONDITIONS = DEBUG;
				SWIFT_OPTIMIZATION_LEVEL = "-Onone";
			};
			name = Debug;
		};
		956A425B257CE4BC00106A47 /* Release */ = {
			isa = XCBuildConfiguration;
			buildSettings = {
				ALWAYS_SEARCH_USER_PATHS = NO;
				CLANG_ANALYZER_NONNULL = YES;
				CLANG_ANALYZER_NUMBER_OBJECT_CONVERSION = YES_AGGRESSIVE;
				CLANG_CXX_LANGUAGE_STANDARD = "gnu++14";
				CLANG_CXX_LIBRARY = "libc++";
				CLANG_ENABLE_MODULES = YES;
				CLANG_ENABLE_OBJC_ARC = YES;
				CLANG_ENABLE_OBJC_WEAK = YES;
				CLANG_WARN_BLOCK_CAPTURE_AUTORELEASING = YES;
				CLANG_WARN_BOOL_CONVERSION = YES;
				CLANG_WARN_COMMA = YES;
				CLANG_WARN_CONSTANT_CONVERSION = YES;
				CLANG_WARN_DEPRECATED_OBJC_IMPLEMENTATIONS = YES;
				CLANG_WARN_DIRECT_OBJC_ISA_USAGE = YES_ERROR;
				CLANG_WARN_DOCUMENTATION_COMMENTS = YES;
				CLANG_WARN_EMPTY_BODY = YES;
				CLANG_WARN_ENUM_CONVERSION = YES;
				CLANG_WARN_INFINITE_RECURSION = YES;
				CLANG_WARN_INT_CONVERSION = YES;
				CLANG_WARN_NON_LITERAL_NULL_CONVERSION = YES;
				CLANG_WARN_OBJC_IMPLICIT_RETAIN_SELF = YES;
				CLANG_WARN_OBJC_LITERAL_CONVERSION = YES;
				CLANG_WARN_OBJC_ROOT_CLASS = YES_ERROR;
				CLANG_WARN_RANGE_LOOP_ANALYSIS = YES;
				CLANG_WARN_STRICT_PROTOTYPES = YES;
				CLANG_WARN_SUSPICIOUS_MOVE = YES;
				CLANG_WARN_UNGUARDED_AVAILABILITY = YES_AGGRESSIVE;
				CLANG_WARN_UNREACHABLE_CODE = YES;
				CLANG_WARN__DUPLICATE_METHOD_MATCH = YES;
				COPY_PHASE_STRIP = NO;
				DEBUG_INFORMATION_FORMAT = "dwarf-with-dsym";
				ENABLE_NS_ASSERTIONS = NO;
				ENABLE_STRICT_OBJC_MSGSEND = YES;
				GCC_C_LANGUAGE_STANDARD = gnu11;
				GCC_NO_COMMON_BLOCKS = YES;
				GCC_WARN_64_TO_32_BIT_CONVERSION = YES;
				GCC_WARN_ABOUT_RETURN_TYPE = YES_ERROR;
				GCC_WARN_UNDECLARED_SELECTOR = YES;
				GCC_WARN_UNINITIALIZED_AUTOS = YES_AGGRESSIVE;
				GCC_WARN_UNUSED_FUNCTION = YES;
				GCC_WARN_UNUSED_VARIABLE = YES;
				IPHONEOS_DEPLOYMENT_TARGET = 12.0;
				MTL_ENABLE_DEBUG_INFO = NO;
				MTL_FAST_MATH = YES;
				SDKROOT = iphoneos;
				SWIFT_COMPILATION_MODE = wholemodule;
				SWIFT_OPTIMIZATION_LEVEL = "-O";
				VALIDATE_PRODUCT = YES;
			};
			name = Release;
		};
		956A425D257CE4BC00106A47 /* Debug */ = {
			isa = XCBuildConfiguration;
			buildSettings = {
				ASSETCATALOG_COMPILER_APPICON_NAME = AppIcon;
				CODE_SIGN_STYLE = Automatic;
				DEVELOPMENT_TEAM = T2N35H5289;
				INFOPLIST_FILE = "Flowery/Supporting Files/Info.plist";
				LD_RUNPATH_SEARCH_PATHS = (
					"$(inherited)",
					"@executable_path/Frameworks",
				);
				PRODUCT_BUNDLE_IDENTIFIER = "com.shkarlinska.test-app.Flowery";
				PRODUCT_NAME = "$(TARGET_NAME)";
				SWIFT_VERSION = 5.0;
				TARGETED_DEVICE_FAMILY = 1;
			};
			name = Debug;
		};
		956A425E257CE4BC00106A47 /* Release */ = {
			isa = XCBuildConfiguration;
			buildSettings = {
				ASSETCATALOG_COMPILER_APPICON_NAME = AppIcon;
				CODE_SIGN_STYLE = Automatic;
				DEVELOPMENT_TEAM = T2N35H5289;
				INFOPLIST_FILE = "Flowery/Supporting Files/Info.plist";
				LD_RUNPATH_SEARCH_PATHS = (
					"$(inherited)",
					"@executable_path/Frameworks",
				);
				PRODUCT_BUNDLE_IDENTIFIER = "com.shkarlinska.test-app.Flowery";
				PRODUCT_NAME = "$(TARGET_NAME)";
				SWIFT_VERSION = 5.0;
				TARGETED_DEVICE_FAMILY = 1;
			};
			name = Release;
		};
		956A4260257CE4BC00106A47 /* Debug */ = {
			isa = XCBuildConfiguration;
			buildSettings = {
				ALWAYS_EMBED_SWIFT_STANDARD_LIBRARIES = YES;
				BUNDLE_LOADER = "$(TEST_HOST)";
				CODE_SIGN_STYLE = Automatic;
				DEVELOPMENT_TEAM = T2N35H5289;
				INFOPLIST_FILE = FloweryTests/Info.plist;
				IPHONEOS_DEPLOYMENT_TARGET = 13.5;
				LD_RUNPATH_SEARCH_PATHS = (
					"$(inherited)",
					"@executable_path/Frameworks",
					"@loader_path/Frameworks",
				);
				PRODUCT_BUNDLE_IDENTIFIER = "com.shkarlinska.test-app.FloweryTests";
				PRODUCT_NAME = "$(TARGET_NAME)";
				SWIFT_VERSION = 5.0;
				TARGETED_DEVICE_FAMILY = "1,2";
				TEST_HOST = "$(BUILT_PRODUCTS_DIR)/Flowery.app/Flowery";
			};
			name = Debug;
		};
		956A4261257CE4BC00106A47 /* Release */ = {
			isa = XCBuildConfiguration;
			buildSettings = {
				ALWAYS_EMBED_SWIFT_STANDARD_LIBRARIES = YES;
				BUNDLE_LOADER = "$(TEST_HOST)";
				CODE_SIGN_STYLE = Automatic;
				DEVELOPMENT_TEAM = T2N35H5289;
				INFOPLIST_FILE = FloweryTests/Info.plist;
				IPHONEOS_DEPLOYMENT_TARGET = 13.5;
				LD_RUNPATH_SEARCH_PATHS = (
					"$(inherited)",
					"@executable_path/Frameworks",
					"@loader_path/Frameworks",
				);
				PRODUCT_BUNDLE_IDENTIFIER = "com.shkarlinska.test-app.FloweryTests";
				PRODUCT_NAME = "$(TARGET_NAME)";
				SWIFT_VERSION = 5.0;
				TARGETED_DEVICE_FAMILY = "1,2";
				TEST_HOST = "$(BUILT_PRODUCTS_DIR)/Flowery.app/Flowery";
			};
			name = Release;
		};
/* End XCBuildConfiguration section */

/* Begin XCConfigurationList section */
		956A4238257CE4B800106A47 /* Build configuration list for PBXProject "Flowery" */ = {
			isa = XCConfigurationList;
			buildConfigurations = (
				956A425A257CE4BC00106A47 /* Debug */,
				956A425B257CE4BC00106A47 /* Release */,
			);
			defaultConfigurationIsVisible = 0;
			defaultConfigurationName = Release;
		};
		956A425C257CE4BC00106A47 /* Build configuration list for PBXNativeTarget "Flowery" */ = {
			isa = XCConfigurationList;
			buildConfigurations = (
				956A425D257CE4BC00106A47 /* Debug */,
				956A425E257CE4BC00106A47 /* Release */,
			);
			defaultConfigurationIsVisible = 0;
			defaultConfigurationName = Release;
		};
		956A425F257CE4BC00106A47 /* Build configuration list for PBXNativeTarget "FloweryTests" */ = {
			isa = XCConfigurationList;
			buildConfigurations = (
				956A4260257CE4BC00106A47 /* Debug */,
				956A4261257CE4BC00106A47 /* Release */,
			);
			defaultConfigurationIsVisible = 0;
			defaultConfigurationName = Release;
		};
/* End XCConfigurationList section */
	};
	rootObject = 956A4235257CE4B800106A47 /* Project object */;
}
